// !$*UTF8*$!
{
	archiveVersion = 1;
	classes = {
	};
	objectVersion = 46;
	objects = {

/* Begin PBXBuildFile section */
		541CBB2FAD4249A7A101E4FF /* libPods.a in Frameworks */ = {isa = PBXBuildFile; fileRef = 559774BF1DB54E8B8FB7906E /* libPods.a */; };
		9752DE451982596B00407F5B /* main.m in Sources */ = {isa = PBXBuildFile; fileRef = 9752DE441982596B00407F5B /* main.m */; };
		9752DE481982596B00407F5B /* AppDelegate.m in Sources */ = {isa = PBXBuildFile; fileRef = 9752DE471982596B00407F5B /* AppDelegate.m */; };
		9752DE4A1982596B00407F5B /* Images.xcassets in Resources */ = {isa = PBXBuildFile; fileRef = 9752DE491982596B00407F5B /* Images.xcassets */; };
		9752DE561982596B00407F5B /* OneMoreBookTests.m in Sources */ = {isa = PBXBuildFile; fileRef = 9752DE551982596B00407F5B /* OneMoreBookTests.m */; };
		9752DE6119825CD300407F5B /* IngViewController.m in Sources */ = {isa = PBXBuildFile; fileRef = 9752DE6019825CD300407F5B /* IngViewController.m */; };
		9752DE63198287D800407F5B /* IngViewController.xib in Resources */ = {isa = PBXBuildFile; fileRef = 9752DE62198287D800407F5B /* IngViewController.xib */; };
		97770ABD1984A3E70057CDFA /* SearchViaDoubanAPI.m in Sources */ = {isa = PBXBuildFile; fileRef = 97770ABC1984A3E70057CDFA /* SearchViaDoubanAPI.m */; };
/* End PBXBuildFile section */

/* Begin PBXContainerItemProxy section */
		9752DE501982596B00407F5B /* PBXContainerItemProxy */ = {
			isa = PBXContainerItemProxy;
			containerPortal = 9752DE371982596B00407F5B /* Project object */;
			proxyType = 1;
			remoteGlobalIDString = 9752DE3E1982596B00407F5B;
			remoteInfo = OneMoreBook;
		};
		9752DE641982929C00407F5B /* PBXContainerItemProxy */ = {
			isa = PBXContainerItemProxy;
			containerPortal = 9752DE371982596B00407F5B /* Project object */;
			proxyType = 1;
			remoteGlobalIDString = 9752DE3E1982596B00407F5B;
			remoteInfo = OneMoreBook;
		};
		9752DE661982929C00407F5B /* PBXContainerItemProxy */ = {
			isa = PBXContainerItemProxy;
			containerPortal = 9752DE371982596B00407F5B /* Project object */;
			proxyType = 1;
			remoteGlobalIDString = 9752DE3E1982596B00407F5B;
			remoteInfo = OneMoreBook;
		};
/* End PBXContainerItemProxy section */

/* Begin PBXFileReference section */
		4F740119E52E48CE8321D147 /* Pods.xcconfig */ = {isa = PBXFileReference; includeInIndex = 1; lastKnownFileType = text.xcconfig; name = Pods.xcconfig; path = Pods/Pods.xcconfig; sourceTree = "<group>"; };
		559774BF1DB54E8B8FB7906E /* libPods.a */ = {isa = PBXFileReference; explicitFileType = archive.ar; includeInIndex = 0; path = libPods.a; sourceTree = BUILT_PRODUCTS_DIR; };
		9752DE3F1982596B00407F5B /* OneMoreBook.app */ = {isa = PBXFileReference; explicitFileType = wrapper.application; includeInIndex = 0; path = OneMoreBook.app; sourceTree = BUILT_PRODUCTS_DIR; };
		9752DE431982596B00407F5B /* Info.plist */ = {isa = PBXFileReference; lastKnownFileType = text.plist.xml; path = Info.plist; sourceTree = "<group>"; };
		9752DE441982596B00407F5B /* main.m */ = {isa = PBXFileReference; lastKnownFileType = sourcecode.c.objc; path = main.m; sourceTree = "<group>"; };
		9752DE461982596B00407F5B /* AppDelegate.h */ = {isa = PBXFileReference; lastKnownFileType = sourcecode.c.h; path = AppDelegate.h; sourceTree = "<group>"; };
		9752DE471982596B00407F5B /* AppDelegate.m */ = {isa = PBXFileReference; lastKnownFileType = sourcecode.c.objc; path = AppDelegate.m; sourceTree = "<group>"; };
		9752DE491982596B00407F5B /* Images.xcassets */ = {isa = PBXFileReference; lastKnownFileType = folder.assetcatalog; path = Images.xcassets; sourceTree = "<group>"; };
		9752DE4F1982596B00407F5B /* OneMoreBookTests.xctest */ = {isa = PBXFileReference; explicitFileType = wrapper.cfbundle; includeInIndex = 0; path = OneMoreBookTests.xctest; sourceTree = BUILT_PRODUCTS_DIR; };
		9752DE541982596B00407F5B /* Info.plist */ = {isa = PBXFileReference; lastKnownFileType = text.plist.xml; path = Info.plist; sourceTree = "<group>"; };
		9752DE551982596B00407F5B /* OneMoreBookTests.m */ = {isa = PBXFileReference; lastKnownFileType = sourcecode.c.objc; path = OneMoreBookTests.m; sourceTree = "<group>"; };
		9752DE5F19825CD300407F5B /* IngViewController.h */ = {isa = PBXFileReference; fileEncoding = 4; lastKnownFileType = sourcecode.c.h; path = IngViewController.h; sourceTree = "<group>"; };
		9752DE6019825CD300407F5B /* IngViewController.m */ = {isa = PBXFileReference; fileEncoding = 4; lastKnownFileType = sourcecode.c.objc; path = IngViewController.m; sourceTree = "<group>"; };
		9752DE62198287D800407F5B /* IngViewController.xib */ = {isa = PBXFileReference; fileEncoding = 4; lastKnownFileType = file.xib; path = IngViewController.xib; sourceTree = "<group>"; };
		97770ABB1984A3E70057CDFA /* SearchViaDoubanAPI.h */ = {isa = PBXFileReference; fileEncoding = 4; lastKnownFileType = sourcecode.c.h; path = SearchViaDoubanAPI.h; sourceTree = "<group>"; };
		97770ABC1984A3E70057CDFA /* SearchViaDoubanAPI.m */ = {isa = PBXFileReference; fileEncoding = 4; lastKnownFileType = sourcecode.c.objc; path = SearchViaDoubanAPI.m; sourceTree = "<group>"; };
/* End PBXFileReference section */

/* Begin PBXFrameworksBuildPhase section */
		9752DE3C1982596B00407F5B /* Frameworks */ = {
			isa = PBXFrameworksBuildPhase;
			buildActionMask = 2147483647;
			files = (
				541CBB2FAD4249A7A101E4FF /* libPods.a in Frameworks */,
			);
			runOnlyForDeploymentPostprocessing = 0;
		};
		9752DE4C1982596B00407F5B /* Frameworks */ = {
			isa = PBXFrameworksBuildPhase;
			buildActionMask = 2147483647;
			files = (
			);
			runOnlyForDeploymentPostprocessing = 0;
		};
/* End PBXFrameworksBuildPhase section */

/* Begin PBXGroup section */
		6FC3A61E47A14E198415F2DB /* Frameworks */ = {
			isa = PBXGroup;
			children = (
				559774BF1DB54E8B8FB7906E /* libPods.a */,
			);
			name = Frameworks;
			sourceTree = "<group>";
		};
		9752DE361982596B00407F5B = {
			isa = PBXGroup;
			children = (
				9752DE411982596B00407F5B /* OneMoreBook */,
				9752DE521982596B00407F5B /* OneMoreBookTests */,
				9752DE401982596B00407F5B /* Products */,
				4F740119E52E48CE8321D147 /* Pods.xcconfig */,
				6FC3A61E47A14E198415F2DB /* Frameworks */,
			);
			sourceTree = "<group>";
		};
		9752DE401982596B00407F5B /* Products */ = {
			isa = PBXGroup;
			children = (
				9752DE3F1982596B00407F5B /* OneMoreBook.app */,
				9752DE4F1982596B00407F5B /* OneMoreBookTests.xctest */,
			);
			name = Products;
			sourceTree = "<group>";
		};
		9752DE411982596B00407F5B /* OneMoreBook */ = {
			isa = PBXGroup;
			children = (
				9752DE461982596B00407F5B /* AppDelegate.h */,
				9752DE471982596B00407F5B /* AppDelegate.m */,
				97770ABB1984A3E70057CDFA /* SearchViaDoubanAPI.h */,
				97770ABC1984A3E70057CDFA /* SearchViaDoubanAPI.m */,
				9752DE5F19825CD300407F5B /* IngViewController.h */,
				9752DE6019825CD300407F5B /* IngViewController.m */,
				9752DE62198287D800407F5B /* IngViewController.xib */,
				9752DE491982596B00407F5B /* Images.xcassets */,
				9752DE421982596B00407F5B /* Supporting Files */,
			);
			path = OneMoreBook;
			sourceTree = "<group>";
		};
		9752DE421982596B00407F5B /* Supporting Files */ = {
			isa = PBXGroup;
			children = (
				9752DE431982596B00407F5B /* Info.plist */,
				9752DE441982596B00407F5B /* main.m */,
			);
			name = "Supporting Files";
			sourceTree = "<group>";
		};
		9752DE521982596B00407F5B /* OneMoreBookTests */ = {
			isa = PBXGroup;
			children = (
				9752DE551982596B00407F5B /* OneMoreBookTests.m */,
				9752DE531982596B00407F5B /* Supporting Files */,
			);
			path = OneMoreBookTests;
			sourceTree = "<group>";
		};
		9752DE531982596B00407F5B /* Supporting Files */ = {
			isa = PBXGroup;
			children = (
				9752DE541982596B00407F5B /* Info.plist */,
			);
			name = "Supporting Files";
			sourceTree = "<group>";
		};
/* End PBXGroup section */

/* Begin PBXNativeTarget section */
		9752DE3E1982596B00407F5B /* OneMoreBook */ = {
			isa = PBXNativeTarget;
			buildConfigurationList = 9752DE591982596B00407F5B /* Build configuration list for PBXNativeTarget "OneMoreBook" */;
			buildPhases = (
				F30CF1CD84F44B1580D18E1F /* Check Pods Manifest.lock */,
				9752DE3B1982596B00407F5B /* Sources */,
				9752DE3C1982596B00407F5B /* Frameworks */,
				9752DE3D1982596B00407F5B /* Resources */,
				31071558BDA14CBD8E1010C6 /* Copy Pods Resources */,
			);
			buildRules = (
			);
			dependencies = (
			);
			name = OneMoreBook;
			productName = OneMoreBook;
			productReference = 9752DE3F1982596B00407F5B /* OneMoreBook.app */;
			productType = "com.apple.product-type.application";
		};
		9752DE4E1982596B00407F5B /* OneMoreBookTests */ = {
			isa = PBXNativeTarget;
			buildConfigurationList = 9752DE5C1982596B00407F5B /* Build configuration list for PBXNativeTarget "OneMoreBookTests" */;
			buildPhases = (
				9752DE4B1982596B00407F5B /* Sources */,
				9752DE4C1982596B00407F5B /* Frameworks */,
				9752DE4D1982596B00407F5B /* Resources */,
			);
			buildRules = (
			);
			dependencies = (
				9752DE511982596B00407F5B /* PBXTargetDependency */,
				9752DE651982929C00407F5B /* PBXTargetDependency */,
				9752DE671982929C00407F5B /* PBXTargetDependency */,
			);
			name = OneMoreBookTests;
			productName = OneMoreBookTests;
			productReference = 9752DE4F1982596B00407F5B /* OneMoreBookTests.xctest */;
			productType = "com.apple.product-type.bundle.unit-test";
		};
/* End PBXNativeTarget section */

/* Begin PBXProject section */
		9752DE371982596B00407F5B /* Project object */ = {
			isa = PBXProject;
			attributes = {
				LastUpgradeCheck = 0600;
				ORGANIZATIONNAME = Xiaozhu;
				TargetAttributes = {
					9752DE3E1982596B00407F5B = {
						CreatedOnToolsVersion = 6.0;
					};
					9752DE4E1982596B00407F5B = {
						CreatedOnToolsVersion = 6.0;
						TestTargetID = 9752DE3E1982596B00407F5B;
					};
				};
			};
			buildConfigurationList = 9752DE3A1982596B00407F5B /* Build configuration list for PBXProject "OneMoreBook" */;
			compatibilityVersion = "Xcode 3.2";
			developmentRegion = English;
			hasScannedForEncodings = 0;
			knownRegions = (
				en,
			);
			mainGroup = 9752DE361982596B00407F5B;
			productRefGroup = 9752DE401982596B00407F5B /* Products */;
			projectDirPath = "";
			projectRoot = "";
			targets = (
				9752DE3E1982596B00407F5B /* OneMoreBook */,
				9752DE4E1982596B00407F5B /* OneMoreBookTests */,
			);
		};
/* End PBXProject section */

/* Begin PBXResourcesBuildPhase section */
		9752DE3D1982596B00407F5B /* Resources */ = {
			isa = PBXResourcesBuildPhase;
			buildActionMask = 2147483647;
			files = (
				9752DE4A1982596B00407F5B /* Images.xcassets in Resources */,
				9752DE63198287D800407F5B /* IngViewController.xib in Resources */,
			);
			runOnlyForDeploymentPostprocessing = 0;
		};
		9752DE4D1982596B00407F5B /* Resources */ = {
			isa = PBXResourcesBuildPhase;
			buildActionMask = 2147483647;
			files = (
			);
			runOnlyForDeploymentPostprocessing = 0;
		};
/* End PBXResourcesBuildPhase section */

/* Begin PBXShellScriptBuildPhase section */
		31071558BDA14CBD8E1010C6 /* Copy Pods Resources */ = {
			isa = PBXShellScriptBuildPhase;
			buildActionMask = 2147483647;
			files = (
			);
			inputPaths = (
			);
			name = "Copy Pods Resources";
			outputPaths = (
			);
			runOnlyForDeploymentPostprocessing = 0;
			shellPath = /bin/sh;
			shellScript = "\"${SRCROOT}/Pods/Pods-resources.sh\"\n";
			showEnvVarsInLog = 0;
		};
		F30CF1CD84F44B1580D18E1F /* Check Pods Manifest.lock */ = {
			isa = PBXShellScriptBuildPhase;
			buildActionMask = 2147483647;
			files = (
			);
			inputPaths = (
			);
			name = "Check Pods Manifest.lock";
			outputPaths = (
			);
			runOnlyForDeploymentPostprocessing = 0;
			shellPath = /bin/sh;
			shellScript = "diff \"${PODS_ROOT}/../Podfile.lock\" \"${PODS_ROOT}/Manifest.lock\" > /dev/null\nif [[ $? != 0 ]] ; then\n    cat << EOM\nerror: The sandbox is not in sync with the Podfile.lock. Run 'pod install' or update your CocoaPods installation.\nEOM\n    exit 1\nfi\n";
			showEnvVarsInLog = 0;
		};
/* End PBXShellScriptBuildPhase section */

/* Begin PBXSourcesBuildPhase section */
		9752DE3B1982596B00407F5B /* Sources */ = {
			isa = PBXSourcesBuildPhase;
			buildActionMask = 2147483647;
			files = (
				97770ABD1984A3E70057CDFA /* SearchViaDoubanAPI.m in Sources */,
				9752DE481982596B00407F5B /* AppDelegate.m in Sources */,
				9752DE6119825CD300407F5B /* IngViewController.m in Sources */,
				9752DE451982596B00407F5B /* main.m in Sources */,
			);
			runOnlyForDeploymentPostprocessing = 0;
		};
		9752DE4B1982596B00407F5B /* Sources */ = {
			isa = PBXSourcesBuildPhase;
			buildActionMask = 2147483647;
			files = (
				9752DE561982596B00407F5B /* OneMoreBookTests.m in Sources */,
			);
			runOnlyForDeploymentPostprocessing = 0;
		};
/* End PBXSourcesBuildPhase section */

/* Begin PBXTargetDependency section */
		9752DE511982596B00407F5B /* PBXTargetDependency */ = {
			isa = PBXTargetDependency;
			target = 9752DE3E1982596B00407F5B /* OneMoreBook */;
			targetProxy = 9752DE501982596B00407F5B /* PBXContainerItemProxy */;
		};
		9752DE651982929C00407F5B /* PBXTargetDependency */ = {
			isa = PBXTargetDependency;
			target = 9752DE3E1982596B00407F5B /* OneMoreBook */;
			targetProxy = 9752DE641982929C00407F5B /* PBXContainerItemProxy */;
		};
		9752DE671982929C00407F5B /* PBXTargetDependency */ = {
			isa = PBXTargetDependency;
			target = 9752DE3E1982596B00407F5B /* OneMoreBook */;
			targetProxy = 9752DE661982929C00407F5B /* PBXContainerItemProxy */;
		};
/* End PBXTargetDependency section */

/* Begin XCBuildConfiguration section */
		9752DE571982596B00407F5B /* Debug */ = {
			isa = XCBuildConfiguration;
			buildSettings = {
				ALWAYS_SEARCH_USER_PATHS = NO;
				CLANG_CXX_LANGUAGE_STANDARD = "gnu++0x";
				CLANG_CXX_LIBRARY = "libc++";
				CLANG_ENABLE_MODULES = YES;
				CLANG_ENABLE_OBJC_ARC = YES;
				CLANG_WARN_BOOL_CONVERSION = YES;
				CLANG_WARN_CONSTANT_CONVERSION = YES;
				CLANG_WARN_DIRECT_OBJC_ISA_USAGE = YES_ERROR;
				CLANG_WARN_EMPTY_BODY = YES;
				CLANG_WARN_ENUM_CONVERSION = YES;
				CLANG_WARN_INT_CONVERSION = YES;
				CLANG_WARN_OBJC_ROOT_CLASS = YES_ERROR;
				CLANG_WARN_UNREACHABLE_CODE = YES;
				CLANG_WARN__DUPLICATE_METHOD_MATCH = YES;
				"CODE_SIGN_IDENTITY[sdk=iphoneos*]" = "iPhone Developer";
				COPY_PHASE_STRIP = NO;
				ENABLE_STRICT_OBJC_MSGSEND = YES;
				GCC_C_LANGUAGE_STANDARD = gnu99;
				GCC_DYNAMIC_NO_PIC = NO;
				GCC_OPTIMIZATION_LEVEL = 0;
				GCC_PREPROCESSOR_DEFINITIONS = (
					"DEBUG=1",
					"$(inherited)",
				);
				GCC_SYMBOLS_PRIVATE_EXTERN = NO;
				GCC_WARN_64_TO_32_BIT_CONVERSION = YES;
				GCC_WARN_ABOUT_RETURN_TYPE = YES_ERROR;
				GCC_WARN_UNDECLARED_SELECTOR = YES;
				GCC_WARN_UNINITIALIZED_AUTOS = YES_AGGRESSIVE;
				GCC_WARN_UNUSED_FUNCTION = YES;
				GCC_WARN_UNUSED_VARIABLE = YES;
				IPHONEOS_DEPLOYMENT_TARGET = 8.0;
				METAL_ENABLE_DEBUG_INFO = YES;
				ONLY_ACTIVE_ARCH = YES;
				SDKROOT = iphoneos;
			};
			name = Debug;
		};
		9752DE581982596B00407F5B /* Release */ = {
			isa = XCBuildConfiguration;
			buildSettings = {
				ALWAYS_SEARCH_USER_PATHS = NO;
				CLANG_CXX_LANGUAGE_STANDARD = "gnu++0x";
				CLANG_CXX_LIBRARY = "libc++";
				CLANG_ENABLE_MODULES = YES;
				CLANG_ENABLE_OBJC_ARC = YES;
				CLANG_WARN_BOOL_CONVERSION = YES;
				CLANG_WARN_CONSTANT_CONVERSION = YES;
				CLANG_WARN_DIRECT_OBJC_ISA_USAGE = YES_ERROR;
				CLANG_WARN_EMPTY_BODY = YES;
				CLANG_WARN_ENUM_CONVERSION = YES;
				CLANG_WARN_INT_CONVERSION = YES;
				CLANG_WARN_OBJC_ROOT_CLASS = YES_ERROR;
				CLANG_WARN_UNREACHABLE_CODE = YES;
				CLANG_WARN__DUPLICATE_METHOD_MATCH = YES;
				"CODE_SIGN_IDENTITY[sdk=iphoneos*]" = "iPhone Developer";
				COPY_PHASE_STRIP = YES;
				ENABLE_NS_ASSERTIONS = NO;
				ENABLE_STRICT_OBJC_MSGSEND = YES;
				GCC_C_LANGUAGE_STANDARD = gnu99;
				GCC_WARN_64_TO_32_BIT_CONVERSION = YES;
				GCC_WARN_ABOUT_RETURN_TYPE = YES_ERROR;
				GCC_WARN_UNDECLARED_SELECTOR = YES;
				GCC_WARN_UNINITIALIZED_AUTOS = YES_AGGRESSIVE;
				GCC_WARN_UNUSED_FUNCTION = YES;
				GCC_WARN_UNUSED_VARIABLE = YES;
				IPHONEOS_DEPLOYMENT_TARGET = 8.0;
				METAL_ENABLE_DEBUG_INFO = NO;
				SDKROOT = iphoneos;
				VALIDATE_PRODUCT = YES;
			};
			name = Release;
		};
		9752DE5A1982596B00407F5B /* Debug */ = {
			isa = XCBuildConfiguration;
			baseConfigurationReference = 4F740119E52E48CE8321D147 /* Pods.xcconfig */;
			buildSettings = {
				ASSETCATALOG_COMPILER_APPICON_NAME = AppIcon;
				ASSETCATALOG_COMPILER_LAUNCHIMAGE_NAME = LaunchImage;
				INFOPLIST_FILE = OneMoreBook/Info.plist;
				LD_RUNPATH_SEARCH_PATHS = "$(inherited) @executable_path/Frameworks";
				PRODUCT_NAME = "$(TARGET_NAME)";
			};
			name = Debug;
		};
		9752DE5B1982596B00407F5B /* Release */ = {
			isa = XCBuildConfiguration;
			baseConfigurationReference = 4F740119E52E48CE8321D147 /* Pods.xcconfig */;
			buildSettings = {
				ASSETCATALOG_COMPILER_APPICON_NAME = AppIcon;
				ASSETCATALOG_COMPILER_LAUNCHIMAGE_NAME = LaunchImage;
				INFOPLIST_FILE = OneMoreBook/Info.plist;
				LD_RUNPATH_SEARCH_PATHS = "$(inherited) @executable_path/Frameworks";
				PRODUCT_NAME = "$(TARGET_NAME)";
			};
			name = Release;
		};
		9752DE5D1982596B00407F5B /* Debug */ = {
			isa = XCBuildConfiguration;
			buildSettings = {
				BUNDLE_LOADER = "$(BUILT_PRODUCTS_DIR)/OneMoreBook.app/OneMoreBook";
				FRAMEWORK_SEARCH_PATHS = (
					"$(SDKROOT)/Developer/Library/Frameworks",
					"$(inherited)",
				);
				GCC_PREPROCESSOR_DEFINITIONS = (
					"DEBUG=1",
					"$(inherited)",
				);
				INFOPLIST_FILE = OneMoreBookTests/Info.plist;
				LD_RUNPATH_SEARCH_PATHS = "$(inherited) @executable_path/Frameworks @loader_path/Frameworks";
				METAL_ENABLE_DEBUG_INFO = YES;
				PRODUCT_NAME = "$(TARGET_NAME)";
				TEST_HOST = "$(BUNDLE_LOADER)";
			};
			name = Debug;
		};
		9752DE5E1982596B00407F5B /* Release */ = {
			isa = XCBuildConfiguration;
			buildSettings = {
				BUNDLE_LOADER = "$(BUILT_PRODUCTS_DIR)/OneMoreBook.app/OneMoreBook";
				FRAMEWORK_SEARCH_PATHS = (
					"$(SDKROOT)/Developer/Library/Frameworks",
					"$(inherited)",
				);
				INFOPLIST_FILE = OneMoreBookTests/Info.plist;
				LD_RUNPATH_SEARCH_PATHS = "$(inherited) @executable_path/Frameworks @loader_path/Frameworks";
				METAL_ENABLE_DEBUG_INFO = NO;
				PRODUCT_NAME = "$(TARGET_NAME)";
				TEST_HOST = "$(BUNDLE_LOADER)";
			};
			name = Release;
		};
/* End XCBuildConfiguration section */

/* Begin XCConfigurationList section */
		9752DE3A1982596B00407F5B /* Build configuration list for PBXProject "OneMoreBook" */ = {
			isa = XCConfigurationList;
			buildConfigurations = (
				9752DE571982596B00407F5B /* Debug */,
				9752DE581982596B00407F5B /* Release */,
			);
			defaultConfigurationIsVisible = 0;
			defaultConfigurationName = Release;
		};
		9752DE591982596B00407F5B /* Build configuration list for PBXNativeTarget "OneMoreBook" */ = {
			isa = XCConfigurationList;
			buildConfigurations = (
				9752DE5A1982596B00407F5B /* Debug */,
				9752DE5B1982596B00407F5B /* Release */,
			);
			defaultConfigurationIsVisible = 0;
			defaultConfigurationName = Release;
		};
		9752DE5C1982596B00407F5B /* Build configuration list for PBXNativeTarget "OneMoreBookTests" */ = {
			isa = XCConfigurationList;
			buildConfigurations = (
				9752DE5D1982596B00407F5B /* Debug */,
				9752DE5E1982596B00407F5B /* Release */,
			);
			defaultConfigurationIsVisible = 0;
			defaultConfigurationName = Release;
		};
/* End XCConfigurationList section */
	};
	rootObject = 9752DE371982596B00407F5B /* Project object */;
}
